# This file is generated by `headwater taxonomy resolve`. Do not edit it, with
# one exception named below.
#
# It is the resolved taxonomy of headwater/standard 4.2.0, with a digest over the canonical text
# below. Everything downstream reads this file and never the sources, so a check
# result depends on a hash that a reviewer sees in this diff.
#
# `rules` names the resolver rule set that validated this lock at write time. A
# lock whose `rules` disagrees with the rule set this engine runs now is
# refused, because the rules that ran when this file was written are the only
# guarantee a reader of it has, and the rules can move between a write and a
# later read.
#
# The exception is the `adoption` block, where one appears. That block is
# authored, and `headwater taxonomy resolve` carries it through rather than
# producing it. It is the only part of this file that is not a function of the
# sources listed under `sources` below.
#
# `headwater taxonomy resolve --check` fails when the sources no longer produce
# this file, which is what makes a stale lock a red build rather than a quiet
# disagreement.

lock:
  format: 3
  digest: sha256:a2b95d52d66618cd3237f4c95994d82c58c63625b547a9498206ba7747ab70e4
  rules: 1
  package: headwater/standard
  version: 4.2.0
  sources:
    - path: packages/headwater-standard/taxonomy.yml
      digest: sha256:8882db567f528108a83e6b424893cdaea67703b8bc2462c08188d8aa4cecd8b7
    - path: packages/headwater-standard/bundles/decision-record/bundle.yml
      digest: sha256:a1d0295f3af618bb371291f264a5f3d85925aabdd171ccea64629ee42a0e1c24
    - path: packages/headwater-standard/bundles/evidence-and-obligation/bundle.yml
      digest: sha256:1092c56eb53e4f4d439e6e15c932087ee84b256eb0fd27cc3edbafb1abb3202f
    - path: packages/headwater-standard/bundles/standards-spec/bundle.yml
      digest: sha256:23646425cc7d7e2d69674cf7f8975c3c8f37742774c6b0c088523f957bba54f4
    - path: .headwater/overlay.yml
      digest: sha256:e042d353e4e77527dd2c915cc01453f4ab2c82245313653c356801d0323724e7

# The resolved taxonomy. The digest above is over this text with the two
# leading spaces of each line removed, which is the form the resolver writes
# and the form a round trip loads back.

resolved:
  taxonomy: headwater/standard
  version: 4.2.0
  purposes:
    rationale:
      intent: "explain why a choice was made and what it forecloses"
      answers:
        - "why is it this way"
        - "what was rejected"
        - "what does this constrain"
        - "which DR covers this"
        - "why not that alternative"
    behavior:
      intent: "state what the system does, as it is now"
      answers:
        - "what does this component do"
        - "what may I rely on"
    constraint:
      answers:
        - "what am I required to do"
        - "what does this rule out"
        - "which rule does this document answer to"
      intent: "state what must hold across the documents and code it governs, and what it rules out"
    evidence:
      answers:
        - "what closed this question"
        - "what did the review find"
        - "what evidence stands behind this claim"
      intent: "state what was measured or found, and under which instrument"
    obligation:
      answers:
        - "what is missing"
        - "which claim is unmeasured"
        - "what waits on whom"
      intent: "state what the corpus still owes, and who owes it"
  vocabularies:
    lifecycle_state:
      - value: draft
        role: initial
      - value: current
        role: live
      - value: superseded
        role: terminal-retained
      - value: deprecated
        role: terminal-retained
      - value: discharged
        role: terminal-retained
  facets:
    status:
      role: state
      values:
        - value: draft
          role: initial
        - value: current
          role: live
        - value: superseded
          role: terminal-retained
        - value: deprecated
          role: terminal-retained
        - value: discharged
          role: terminal-retained
      required: true
      volatility: mutable
      guidance:
        draft: "the document is being written or argued over, and nothing may rely on it"
        current: "the document states what holds now, and a reader may rely on it"
        superseded: "a later document replaced this one, and the succession edge names it"
        deprecated: "the document is no longer to be relied on, and nothing replaced it"
        discharged: "the document recorded something the corpus owed, the corpus paid it, and the record is kept as the receipt"
    status_since:
      role: state_entered
      type: date
      required: true
      volatility: mutable
    last_verified:
      role: freshness
      type: date
      stale_after_days: 180
      volatility: mutable
    summary:
      role: scent
      type: string
      required: true
      volatility: mutable
    title:
      role: name
      type: string
      required: false
      volatility: stable
    spec_layer:
      guidance:
        functional_spec: "the document states what the component does and what a caller may rely on, which is the level a standard binds and the level a reader cites"
        technical_spec: "the document states how the component is realized, which is the level that changes when the implementation changes and the behavior does not"
      required: false
      type: string
      values:
        - functional_spec
        - technical_spec
      volatility: stable
    waiting_on:
      guidance:
        adopter: "an outside corpus has to exist before anything can move"
        build: "the answer is known and somebody has to write the code or the prose"
        measurement: "an instrument exists and no run of it has been made"
        ruling: "a person has to choose, and no build and no measurement settles it"
      required: false
      type: string
      values:
        - ruling
        - build
        - measurement
        - adopter
      volatility: mutable
  regimes:
    lifecycle:
      standard:
        initial: draft
        transitions:
          draft:
            - current
            - deprecated
          current:
            - superseded
            - deprecated
        retain_terminal: true
      obligation:
        initial: draft
        transitions:
          draft:
            - current
            - deprecated
          current:
            - superseded
            - deprecated
            - discharged
        retain_terminal: true
    voice:
      declarative:
        forbid:
          - future_intent
          - change_narration
          - phased_rollout
      narrative: {}
    language:
      default:
        tag: en-US
        controlled: none
  anchors:
    code_path:
      resolver: source-tree
  kinds:
    governed_document:
      abstract: true
      facets:
        require:
          - status
          - status_since
          - last_verified
          - summary
    decision:
      is_a: governed_document
      purpose: rationale
      identifier:
        scheme: decision_id
      voice: declarative
      lifecycle: standard
      sections:
        require:
          - Context
          - Decision
          - Consequences
      facets:
        require:
          - title
    specification:
      is_a: governed_document
      purpose: behavior
      voice: declarative
      lifecycle: standard
      sections:
        require:
          - Scope
          - Behavior
    evaluation:
      facets:
        require:
          - title
      is_a: governed_document
      lifecycle: standard
      purpose: evidence
      voice: narrative
    functional_spec:
      facets:
        require:
          - spec_layer
      identifier:
        scheme: functional_spec_id
      is_a: governed_document
      lifecycle: standard
      purpose: behavior
      relations:
        expect:
          - id: functional-realized
            relation: realized_by
            to_kind: technical_spec
            when:
              status: current
            within: 90d
            since: state_entered
            severity: warn
            rationale: "a functional spec that nothing realizes is a requirement nobody built"
      sections:
        require:
          - Scope
          - Behavior
          - Acceptance
      voice: declarative
    obligation_record:
      facets:
        require:
          - title
          - waiting_on
      identifier:
        scheme: obligation_record_id
      is_a: governed_document
      lifecycle: obligation
      purpose: obligation
      sections:
        require:
          - Context
          - Obligation
          - Discharge
      voice: declarative
    standard:
      facets:
        forbid:
          - spec_layer
      identifier:
        scheme: standard_id
      is_a: governed_document
      lifecycle: standard
      purpose: constraint
      relations:
        expect:
          - id: standard-applied
            relation: regulates
            to_kind: functional_spec
            when:
              status: current
            within: 180d
            since: state_entered
            severity: warn
            rationale: "a standard that governs no document governs nothing, and a corpus keeps it because somebody wrote it"
      sections:
        require:
          - Scope
          - Requirements
          - Conformance
      voice: declarative
    technical_spec:
      facets:
        require:
          - spec_layer
      identifier:
        scheme: technical_spec_id
      is_a: governed_document
      lifecycle: standard
      purpose: behavior
      sections:
        require:
          - Scope
          - Design
          - Conformance
      voice: declarative
  relations:
    supersedes:
      family: succession
      from:
        - governed_document
      to:
        - governed_document
      inverse: superseded_by
      reciprocal: required
      nuclearity: multinuclear
      on_target:
        set_state: superseded
      created_by: scaffold
    governs:
      family: governance
      from:
        - governed_document
      to:
        - code_path
      cardinality: many
      created_by: hook
    constrains:
      family: governance
      from:
        - decision
      to:
        - decision
      created_by: agent
    conflicts_with:
      family: association
      from:
        - decision
      to:
        - decision
      reciprocal: symmetric
      nuclearity: multinuclear
      invalid_when:
        both:
          status: current
      created_by: agent
    traces_to:
      family: evidence
      from:
        - governed_document
      to:
        - governed_document
        - code_path
      created_by: hook
    discharges:
      cardinality: many
      created_by: hook
      family: evidence
      from:
        - evaluation
      inverse: discharged_by
      reciprocal: required
      to:
        - obligation_record
    realizes:
      created_by: scaffold
      family: derivation
      from:
        - technical_spec
      inverse: realized_by
      nuclearity: nucleus-satellite
      nucleus: to
      reciprocal: required
      to:
        - functional_spec
    regulates:
      cardinality: many
      created_by: agent
      family: governance
      from:
        - standard
      inverse: regulated_by
      reciprocal: required
      to:
        - functional_spec
        - technical_spec
  shelves:
    decisions:
      path: "./docs/design/**"
      homogeneous: true
      kind: decision
      layout: "DR-{seq:04d}-{slug}.md"
      title: "Design records"
    specifications:
      path: "docs/specifications/**"
      homogeneous: true
      kind: specification
      title: Specifications
    compatibility:
      homogeneous: true
      kind: standard
      path: "./COMPATIBILITY.md"
      title: "Compatibility policy"
    component_specs:
      discriminator: spec_layer
      homogeneous: false
      kinds:
        - functional_spec
        - technical_spec
      path: "docs/component-specs/**"
      title: "Component specifications"
    evaluations:
      homogeneous: true
      kind: evaluation
      path: "docs/evaluations/**"
      title: Evaluations
    obligations:
      homogeneous: true
      kind: obligation_record
      layout: "{seq:04d}-{slug}.md"
      path: "docs/obligations/**"
      title: "Obligation records"
    repo_standards:
      homogeneous: true
      kind: standard
      path: "./docs/standards/**"
      title: Standards
    specs:
      discriminator: spec_layer
      homogeneous: false
      kinds:
        - functional_spec
        - technical_spec
      path: "./docs/specs/**"
      title: "Component specifications"
    standards:
      homogeneous: true
      kind: standard
      path: "docs/standards/**"
      title: Standards
  identifier_schemes:
    decision_id:
      pattern: "DR-{seq:04d}"
      allocation: reconcile-first
      namespace: VK
    functional_spec_id:
      allocation: minted-once
      namespace: VK
      pattern: "{namespace}-FS-{slug}"
    obligation_record_id:
      allocation: reconcile-first
      namespace: VK
      pattern: "{namespace}-OBL-{seq:04d}"
    standard_id:
      allocation: minted-once
      namespace: VK
      pattern: "{namespace}-STD-{slug}"
    technical_spec_id:
      allocation: minted-once
      namespace: VK
      pattern: "{namespace}-TS-{slug}"
  core:
    requires:
      - facet_role: state
      - facet_role: freshness
      - facet_role: scent
      - purpose: rationale
      - purpose: behavior
      - relation_family: succession
        lifecycle_sensitive: true
  projections:
    - kind: shelf_index
      for:
        - decisions
        - specifications
        - specs
        - repo_standards
      output: "{shelf}/README.md"
  obligations:
    OB-COV-1:
      statement: "Every file under the corpus root is classified, or reported as unclassifiable"
      rationale: "The most broken document is the one that classification is most likely to miss, and a run that never saw it reports nothing about it"
      class: cohesion
      prevents: process.maintenance
      severity: high
    OB-COV-2:
      statement: "Every classified document is routed to at least one check"
      rationale: "A document that matched no check is indistinguishable from a document that passed every check"
      class: cohesion
      prevents: process.maintenance
      severity: high
    OB-COV-3:
      statement: "Every run reports what it saw, classified, checked and skipped, with a reason for each skip"
      rationale: "No findings across 380 of 412 documents is a different result from no findings across 412, and a report that cannot tell the two apart earns no trust"
      class: cohesion
      prevents: process.traceability
      severity: medium
    OB-REL-1:
      statement: "A relation that requires reciprocity is declared at both of its ends"
      rationale: "One half of a pair is a claim that the document at the other end never made"
      class: cohesion
      prevents: content.inconsistent
      severity: medium
    OB-PLACE-1:
      statement: "A document does not restate in metadata what its placement already states"
      rationale: "A restatement is a second truth that eventually disagrees with the first"
      class: cohesion
      prevents: content.inconsistent
      severity: medium
    OB-FACET-1:
      statement: "Every facet a kind requires is declared by every document of that kind"
      rationale: "A facet nobody declared is a question the corpus cannot answer about itself, and the reader who asks it gets silence rather than a gap"
      class: cohesion
      prevents: content.incomplete
      severity: high
    OB-FACET-2:
      statement: "A facet with a declared value set carries one of the values in that set"
      rationale: "A value outside the set is a state that no reader, no query and no projection can act on, and it reads as a state rather than as an error"
      class: cohesion
      prevents: content.inconsistent
      severity: medium
    OB-ID-1:
      statement: "An identifier is a string that the scheme its kind names admits"
      rationale: "An identifier is minted to travel, so it appears in commit messages, tickets and agent prompts. A corpus can rewrite its own documents at any time and it can never rewrite somebody else's ticket, which is why an identifier outside its own namespace is unrecoverable rather than untidy"
      class: cohesion
      prevents: content.inconsistent
      severity: high
    OB-REL-4:
      statement: "Every target a relation instance names resolves to a document or to an external anchor"
      rationale: "An edge that resolves to nothing is a claim about a thing the corpus does not hold, and every query, projection and export over that relation inherits the claim while the report of it stops at the graph build"
      class: cohesion
      prevents: content.inconsistent
      severity: high
    OB-REL-5:
      statement: "Every entry a relations block declares becomes an edge of the graph"
      rationale: "A block the build could not read declares nothing, so the corpus is missing exactly the relations its author wrote down, and the author is the only person who ever sees the claim"
      class: cohesion
      prevents: content.inconsistent
      severity: high
    OB-REL-6:
      statement: "An edge an import wrote names its upstream item at the revision the edge was verified against"
      rationale: "An upstream item moves under an edge that nobody touched, so the corpus keeps asserting a claim that was checked against a state the far end has left. The pin says the snapshot advanced and says nothing about which document now carries a stale claim, and the author who could re-verify the edge is the one person the advance never reaches"
      class: cohesion
      prevents: content.inconsistent
      severity: medium
    OB-ID-2:
      statement: "A document that a relation may name declares one identifier that names it"
      rationale: "A document with no identifier is neither end of any edge, so every relation it declares and every relation that names it is lost while the document itself is reported as classified and checked"
      class: cohesion
      prevents: content.incomplete
      severity: high
    OB-ID-3:
      statement: "No two documents of a corpus claim one identifier"
      rationale: "An identifier that names two documents names neither, so a target that reaches for it binds to whichever the index saw first while the other becomes unreachable, and both authors wrote a well-formed identifier that their scheme admits"
      class: cohesion
      prevents: content.inconsistent
      severity: high
    OB-ID-4:
      statement: "Every identifier a reconcile-first scheme has minted is recorded in the identifier claim store"
      rationale: "An allocator that reads only the tree reads a lower bound twice over, on every value ever allocated and on every value another branch has already taken, so two branches cut from one state both mint the same number, each one passes every check on its own, the file names differ and the merge is silent. The pair first exists after the second merge, when no gate is looking at either change"
      class: cohesion
      prevents: content.incomplete
      severity: high
    OB-ID-5:
      statement: "A claim of the identifier store names the document that holds the identifier it records"
      rationale: "A claim that names the wrong document, or names none at all, records a mint that did not happen, and the store is the one artifact a later allocator trusts about what is already spent. A claim with no claimant is worse than an absent one, because two branches adding the same empty claim merge clean and the store stops answering the question it exists for"
      class: cohesion
      prevents: content.inconsistent
      severity: medium
    OB-REL-2:
      statement: "Both ends of a relation instance are kinds that the relation permits"
      rationale: "An edge between kinds a relation forbids is an assertion that the taxonomy never sanctioned, and every query over that relation inherits it"
      class: cohesion
      prevents: content.inconsistent
      severity: medium
    OB-VOICE-1:
      statement: "Prose of a kind under a voice regime does not use the constructions that regime forbids"
      rationale: "A specification that narrates change cannot be read for what holds now, and a reader who cannot tell today from last quarter reads every sentence twice"
      class: cohesion
      prevents: content.inconsistent
      severity: low
    OB-LANG-1:
      statement: "Prose of a kind under a language regime obeys the controlled language and the variant it names"
      rationale: "A rule that lives in a contributing guide is a rule that no check reads and that every new author learns by being corrected"
      class: cohesion
      prevents: content.unclear
      severity: low
    OB-LANG-2:
      statement: "The source of a document under a language regime that fixes a source form is written in that form"
      rationale: "A source form is invisible to a reader and loud in a diff, so a paragraph that one commit reflows hides the one word another commit changed"
      class: cohesion
      prevents: content.unclear
      severity: low
    OB-LANG-3:
      statement: "Prose of a kind under a language regime does not write a term that regime retired"
      rationale: "A retirement that lives in a commit message is inherited by nobody, so a branch written from an earlier commit reintroduces the term and the merge is clean"
      class: cohesion
      prevents: content.inconsistent
      severity: low
    OB-SECT-1:
      statement: "Every section a kind requires is a heading of every document of that kind"
      rationale: "A document that omits a section leaves unanswered the question its kind promised to answer, and a reader cannot tell that from an answer of none"
      class: cohesion
      prevents: content.incomplete
      severity: high
    OB-LINK-1:
      statement: "A fragment of a prose link names a heading of the document that the link points at"
      rationale: "A link that lands nowhere costs the reader the paragraph it was written to reach, and an anchor rots silently when the heading beside it is edited. The target is another document as often as it is the citing one, and a rename in the target touches no byte of the document that cited it"
      class: cohesion
      prevents: content.inconsistent
      severity: medium
    OB-LINK-2:
      statement: "A prose link of a document resolves to a file of the repository"
      rationale: "A document that moves takes every citation of it with it, and the author who moved it reads nothing about the nine documents that now point at a path with no file. The break is silent in a way an author cannot notice, because each dead citation sits in a document that was not edited"
      class: cohesion
      prevents: content.inconsistent
      severity: medium
    OB-REL-3:
      statement: "A participation expectation is met inside the window the taxonomy declares"
      rationale: "A document that nothing links to inside its window is work that reached nobody, and the corpus cannot tell that from work nobody needed"
      class: cohesion
      prevents: process.maintenance
      severity: low
    OB-WARRANT-1:
      statement: "A warrant that moves from `asserted` to `accepted` is counted in the change that moved it"
      rationale: "A script that stamps forty documents writes bytes identical to forty real acceptances, and the standing `asserted` population cannot separate them because a bulk stamp lowers it by exactly what forty reviews would. A count per change is the only reading that can, and a promotion nobody counted is a review nobody can find"
      class: cohesion
      prevents: process.traceability
      severity: medium
    OB-LIFE-1:
      statement: "A document moves between states only along an edge the lifecycle regime of its kind declares"
      rationale: "One state value cannot say how it was reached, so a corpus run sees a document that skipped every state between where it was and where it is as one that walked there. A machine that admits every movement is a vocabulary with an arrow drawn on it, and the states that a taxonomy went to the trouble of ordering then order nothing"
      class: cohesion
      prevents: process.traceability
      severity: medium
    OB-LIFE-2:
      statement: "A document stands only at a state that the lifecycle regime of its kind names"
      rationale: "A state vocabulary is one list for a whole taxonomy, so a value that means something for one kind is spelled the same on every other. A document set to a state its kind has no use for reads to a person as a claim about that document and to every rule as nothing at all, and a movement rule cannot see it because a document authored at the wrong state made no movement"
      class: cohesion
      prevents: content.inconsistent
      severity: medium
    OB-LIFE-3:
      statement: "A live document does not depend on a terminal one through a relation whose family this taxonomy declares lifecycle-sensitive"
      rationale: "A retired document is kept so that the record of what it said survives, not so that new work can rest on it. A live document that leans on one states a claim the corpus has withdrawn, and the reader who follows the link has no way to tell a citation of the record from a reliance on it. The relation whose declaration writes a state onto its target is exempt, because that edge is what put the target where it stands"
      class: cohesion
      prevents: content.inconsistent
      severity: medium
    OB-LIFE-4:
      statement: "A document standing at a terminal state of a regime that declares `retain_terminal` is not deleted from the corpus"
      rationale: "A terminal state is where a document is kept rather than where it stops mattering, and `retain_terminal` is the member that says so. A corpus that deletes the record loses the only account of what it once said, and every citation of it then resolves to nothing. No standing reading of the corpus can report the loss, because a document that left leaves no row to report about, so the change that removes it is the one moment the claim is checkable"
      class: cohesion
      prevents: content.inconsistent
      severity: medium
    OB-REG-1:
      statement: "Every obligation this taxonomy declares carries exactly one disposition"
      rationale: "An obligation that no control discharges and that states neither a gap nor an acceptance reads from outside like one that is met, and that silence is how an assurance model decays into a list of good intentions"
      class: cohesion
      prevents: process.traceability
      severity: high
    OB-REG-2:
      statement: "Every control names a mechanism that the engine implements"
      rationale: "A register that claims coverage it does not have is worse than no register, and a mistyped rule id claims exactly that"
      class: cohesion
      prevents: process.traceability
      severity: high
    OB-MIG-1:
      statement: "A migration task past its expiry raises a finding that names it and its owner"
      rationale: "The expiry is the anti-parking device, on the same terms as a waiver's, and a lapse that raises nothing lets a corpus years past its deadline read exactly like one that declared no debt at all"
      class: cohesion
      prevents: process.traceability
      severity: high
    OB-DR-1:
      class: cohesion
      disposition:
        gap:
          owner: "the decision-record entry"
          target: "a change-scoped rule that reads the prior version, which spec 12 already supplies as `needs_prior`"
      prevents: content.inconsistent
      rationale: "A record that changed after the decision was taken cannot be cited, because the reader of the citation and the writer of it read two different texts. Every later document that names the decision inherits the drift silently"
      severity: high
      statement: "An accepted decision record is amended by succession and never by edit"
    OB-DR-2:
      class: cohesion
      disposition:
        gap:
          owner: "the decision-record entry"
          target: "a rule over state dwell time, which `taxonomy audit` already measures and no check reads"
      prevents: process.maintenance
      rationale: "A log that fills with proposals is the failure this tradition is most often reported to have, and a proposal nobody ruled on is indistinguishable from a decision nobody wrote"
      severity: medium
      statement: "A proposed decision record reaches acceptance or rejection"
    OB-DR-3:
      class: coherence
      disposition:
        unverifiable:
          reasoning: "To count the decisions in a document is to reason about what the prose asserts, which spec 1 forswears. The shelf is homogeneous and the section contract requires one `Decision` heading, and a second decision under that heading is invisible to both"
      prevents: content.unclear
      rationale: "Two decisions in one record cannot be superseded apart, so the first of them to fall takes the second with it or keeps it alive under a heading nobody reads"
      severity: medium
      statement: "A decision record records one decision"
    OB-SS-1:
      class: coherence
      disposition:
        unverifiable:
          reasoning: "To decide that one document meets a requirement of another is to reason about what the prose of both asserts, which spec 1 forswears. The edges say which standard reaches which specification and no rule reads the requirement under the heading"
      prevents: content.inconsistent
      rationale: "This is the whole point of writing a standard down. A corpus that keeps the ladder and never checks the rungs has the paperwork of conformance and none of it, and the reader who cites the standard learns nothing about the component that answers to it"
      severity: high
      statement: "A technical specification meets every requirement of the standards that regulate its functional specification"
    OB-SS-2:
      class: cohesion
      disposition:
        gap:
          owner: "the standards-spec entry"
          target: "sub-document identity, which no declaration in this language holds. Identity is per document, and a requirement is a heading inside one. Contract sidecars are where the answer probably lives"
      prevents: content.incomplete
      rationale: "A requirement that no specification answers is either unmet or met somewhere nobody can find, and the two look the same from the standard. Traceability is the property every cited source in this tradition asks for by name"
      severity: high
      statement: "Every requirement of a standard is traceable to the specification that meets it"
    OB-SS-3:
      class: cohesion
      disposition:
        gap:
          owner: "the standards-spec entry"
          target: "the `does_not_comply_with` relation, which spec 2 names as package content under `$package.optional` and the package holds nothing there. The address is reserved, so this entry may not declare it"
      prevents: content.incomplete
      rationale: "An unregistered deviation is the failure mode every one of these traditions was written against. The corpus that holds the standard reads as conformant, the component that departed from it reads as governed, and nobody owns the difference"
      severity: high
      statement: "A deviation from a current standard is registered with an owner and an expiry"
  controls:
    CT-COV-1:
      mechanism: "phase:census.classification"
      discharges:
        - OB-COV-1
      trigger: pull_request
      posture: advisory
      acts: detective
      promotion:
        produces_facts:
          reasoning: "The census produces the classification that every check rests on, and a wrong row makes every check over it return a correct verdict about a wrong corpus. Spec 12 holds it as a correctness root and its instrument is a fixture set"
    CT-COV-2:
      mechanism: "check:coverage.document_unchecked"
      discharges:
        - OB-COV-2
      trigger: pull_request
      posture: advisory
      acts: detective
    CT-COV-3:
      mechanism: "phase:runner.coverage_report"
      discharges:
        - OB-COV-3
      trigger: pull_request
      posture: advisory
      acts: detective
      promotion:
        produces_facts:
          reasoning: "The coverage account is the denominator every other number in the report is read against, and a denominator has no false-positive rate. It is right or it is wrong, and the fixture tree is what says which"
    CT-REG-1:
      mechanism: "check:obligation.disposition.not_one"
      discharges:
        - OB-REG-1
      trigger: pull_request
      posture: advisory
      acts: detective
    CT-REG-2:
      mechanism: "check:control.mechanism.unimplemented"
      discharges:
        - OB-REG-2
      trigger: pull_request
      posture: advisory
      acts: detective
    CT-REL-1:
      mechanism: "check:relation.reciprocity.missing"
      discharges:
        - OB-REL-1
      trigger: pull_request
      posture: advisory
      acts: detective
    CT-PLACE-1:
      mechanism: "check:shelf.placement_is_primary"
      discharges:
        - OB-PLACE-1
      trigger: pull_request
      posture: advisory
      acts: detective
    CT-FACET-1:
      mechanism: "check:facet.required.missing"
      discharges:
        - OB-FACET-1
      trigger: pull_request
      posture: advisory
      acts: detective
    CT-FACET-2:
      mechanism: "check:facet.value.not_permitted"
      discharges:
        - OB-FACET-2
      trigger: pull_request
      posture: advisory
      acts: detective
    CT-ID-1:
      mechanism: "check:identifier.pattern.not_met"
      discharges:
        - OB-ID-1
      trigger: pull_request
      posture: advisory
      acts: detective
    CT-REL-4:
      mechanism: "check:relation.target.unresolved"
      discharges:
        - OB-REL-4
      trigger: pull_request
      posture: advisory
      acts: detective
      promotion:
        criteria:
          window: "one release of the taxonomy over an adopting corpus"
          threshold: "no false positive, because the rule reports what the graph build already resolved rather than deriving a second answer of its own"
          sample: "every finding of one run over the adopting corpus, adjudicated once"
    CT-REL-5:
      mechanism: "check:relation.declaration.unusable"
      discharges:
        - OB-REL-5
      trigger: pull_request
      posture: advisory
      acts: detective
      promotion:
        criteria:
          window: "one release of the taxonomy over an adopting corpus"
          threshold: "no false positive, because the rule reports what the graph build already threw away rather than reading the block a second time"
          sample: "every finding of one run over the adopting corpus, adjudicated once"
    CT-REL-6:
      mechanism: "check:relation.target.suspect"
      discharges:
        - OB-REL-6
      trigger: pull_request
      posture: advisory
      acts: detective
      promotion:
        criteria:
          window: "one release of the taxonomy over an adopting corpus"
          threshold: "no false positive, because the rule compares two values the corpus already holds and reports nothing where either one is absent"
          sample: "every finding of one run over the adopting corpus, adjudicated once"
    CT-ID-2:
      mechanism: "check:identifier.unusable"
      discharges:
        - OB-ID-2
      trigger: pull_request
      posture: advisory
      acts: detective
      promotion:
        criteria:
          window: "one release of the taxonomy over an adopting corpus"
          threshold: "no false positive, because the rule reports what the identifier index already refused rather than deriving a second answer"
          sample: "every finding of one run over the adopting corpus, adjudicated once"
    CT-ID-3:
      mechanism: "check:identifier.claimed_twice"
      discharges:
        - OB-ID-3
      trigger: pull_request
      posture: advisory
      acts: detective
      promotion:
        criteria:
          window: "one release of the taxonomy over an adopting corpus"
          threshold: "no false positive, because the rule reports the collision the identifier index already found rather than comparing identifiers a second time"
          sample: "every finding of one run over the adopting corpus, adjudicated once"
    CT-ID-4:
      mechanism: "check:identifier.claim.missing"
      discharges:
        - OB-ID-4
      trigger: pull_request
      posture: advisory
      acts: detective
      promotion:
        criteria:
          window: "one release of the taxonomy over an adopting corpus"
          threshold: "no false positive, because the rule compares the identifiers the corpus declares against the files of the store and reports neither where the two agree"
          sample: "every finding of one run over the adopting corpus, adjudicated once"
    CT-ID-5:
      mechanism: "check:identifier.claim.stale"
      discharges:
        - OB-ID-5
      trigger: pull_request
      posture: advisory
      acts: detective
      promotion:
        criteria:
          window: "one release of the taxonomy over an adopting corpus"
          threshold: "no false positive, because the rule reads the claimant a claim names and reports nothing for a claimant the corpus no longer holds"
          sample: "every finding of one run over the adopting corpus, adjudicated once"
    CT-REL-2:
      mechanism: "check:relation.endpoint.not_permitted"
      discharges:
        - OB-REL-2
      trigger: pull_request
      posture: advisory
      acts: detective
    CT-REL-3:
      mechanism: "check:relation.participation.overdue"
      discharges:
        - OB-REL-3
      trigger: pull_request
      posture: advisory
      acts: detective
    CT-VOICE-1:
      mechanism: "check:voice.forbidden_construction"
      discharges:
        - OB-VOICE-1
      trigger: pull_request
      posture: advisory
      acts: detective
      promotion:
        permanently_advisory:
          reasoning: "Spec 3 rules that posture per voice category comes from fixability and never from precision, and that a category whose remediation is a rewrite stays advisory whatever its false-positive rate. To block on it makes a judgment about meaning into a gate, and the author who meets it at a red build reaches for the escape hatch"
    CT-WARRANT-1:
      mechanism: "check:warrant.promoted"
      discharges:
        - OB-WARRANT-1
      trigger: pull_request
      posture: advisory
      acts: detective
      promotion:
        permanently_advisory:
          reasoning: "Spec 3 rules the posture directly. \"Forty in one change is a finding about the review rather than about the documents. The posture is advisory permanently, for the reason that the shift ratio is advisory permanently. A threshold teaches people to promote in smaller batches, and nothing declares one.\" A promotion is a legitimate act, so the rule reports a count and never a defect, and there is nothing for a gate to block on until a taxonomy states how many is too many"
    CT-LIFE-1:
      mechanism: "check:lifecycle.transition.not_permitted"
      discharges:
        - OB-LIFE-1
      trigger: pull_request
      posture: blocking
      acts: detective
      promotion:
        final_posture:
          reasoning: "The promotion path collects evidence about a rule that can be wrong about the text it reads, and this one reads two declared values and one declared edge. A movement it refuses is refused by the taxonomy that the corpus itself resolved, so an advisory period would measure a false-positive rate that the construction fixes at zero, and it would collect that reading while illegal movements landed. Spec 3 states the posture in one sentence, which is that the engine rejects a transition that is not in the declared machine when it lands"
    CT-LIFE-2:
      mechanism: "check:lifecycle.state.not_admitted"
      discharges:
        - OB-LIFE-2
      trigger: pull_request
      posture: blocking
      acts: detective
      promotion:
        final_posture:
          reasoning: "The same reading CT-LIFE-1 takes, and the input is narrower still. This rule reads one declared value against one declared state set, both of which the corpus itself resolved, so an advisory period would measure a false-positive rate that the construction fixes at zero. What it cannot decide is which admitted state the document belongs in, and that is why the finding carries no patch rather than why it should not block"
    CT-LIFE-3:
      mechanism: "check:lifecycle.dependency.on_terminal"
      discharges:
        - OB-LIFE-3
      trigger: pull_request
      posture: advisory
      acts: detective
      promotion:
        permanently_advisory:
          reasoning: "The two rules above it read declared values and refuse what the declaration refuses, and this one reads the same values and cannot say what to do about them. A live document resting on a retired one is repaired by pointing at the successor, by retiring the citing document, or by a judgment that the citation stands as a citation of the record. There is no fourth answer and the engine cannot pick among the three, so a posture that stopped a merge would stop it on a question only an author can settle"
    CT-LIFE-4:
      mechanism: "check:lifecycle.deletion.not_permitted"
      discharges:
        - OB-LIFE-4
      trigger: pull_request
      posture: blocking
      acts: detective
      promotion:
        final_posture:
          reasoning: "The reading CT-LIFE-1 takes, and the remedy is narrower still. The rule reads one declared member, one declared state and one declared machine, all of which the corpus itself resolved, so an advisory period would measure a false-positive rate that the construction fixes at zero. What it refuses is repaired by putting the file back, which is mechanical and total, so there is no judgment for an author to make and nothing for a posture to soften. A corpus that means to delete the record declares that member false on that regime, which is the escape this rule reads rather than one it overrides"
    CT-LANG-1:
      mechanism: "check:language.controlled.not_met"
      discharges:
        - OB-LANG-1
      trigger: pull_request
      posture: advisory
      acts: detective
      promotion:
        permanently_advisory:
          reasoning: "The same rule spec 4 states in general. A sentence past the word limit is shortened by deciding which clause carries the meaning, and no mechanical rewrite makes that decision"
    CT-LANG-2:
      mechanism: "check:language.source_form.not_met"
      discharges:
        - OB-LANG-2
      trigger: pull_request
      posture: advisory
      acts: detective
      promotion:
        criteria:
          window: "one release of the taxonomy over an adopting corpus"
          threshold: "no false positive, because the parser reports the break rather than a rule inferring it from a line count"
          sample: "every finding of one run over the adopting corpus, adjudicated once"
    CT-LANG-3:
      mechanism: "check:language.retired_term.used"
      discharges:
        - OB-LANG-3
      trigger: pull_request
      posture: advisory
      acts: detective
      promotion:
        criteria:
          window: "one release of the taxonomy over an adopting corpus"
          threshold: "no false positive on an entry that names a replacement, which is the half that is a substitution"
          sample: "every finding of one run over the adopting corpus, adjudicated once"
    CT-SECT-1:
      mechanism: "check:section.required.missing"
      discharges:
        - OB-SECT-1
      trigger: pull_request
      posture: advisory
      acts: detective
    CT-LINK-1:
      mechanism: "check:link.fragment.unresolved"
      discharges:
        - OB-LINK-1
      trigger: pull_request
      posture: advisory
      acts: detective
    CT-LINK-2:
      mechanism: "check:link.path.unresolved"
      discharges:
        - OB-LINK-2
      trigger: pull_request
      posture: advisory
      acts: detective
    CT-MIG-1:
      mechanism: "check:adoption.task.expired"
      discharges:
        - OB-MIG-1
      trigger: pull_request
      posture: advisory
      acts: detective
      promotion:
        criteria:
          window: "one release of the taxonomy over an adopting corpus"
          threshold: "no false positive, because the rule reports a date comparison between a task's own declared `until` and the injected clock, deriving nothing else"
          sample: "every finding of one run over the adopting corpus, adjudicated once"
